
Microsoft Visual Studio Solution File, Format Version 12.00
# Visual Studio Version 17
VisualStudioVersion = 17.6.33801.468
MinimumVisualStudioVersion = 10.0.40219.1
Project("{FAE04EC0-301F-11D3-BF4B-00C04F79EFBC}") = "WinFormsApp1", "WinFormsApp1\WinFormsApp1.csproj", "{0ED07204-0799-42EF-86CF-A3BF81F2D2F6}"
EndProject
Global
	GlobalSection(SolutionConfigurationPlatforms) = preSolution
		Debug|Any CPU = Debug|Any CPU
		Release|Any CPU = Release|Any CPU
	EndGlobalSection
	GlobalSection(ProjectConfigurationPlatforms) = postSolution
		{0ED07204-0799-42EF-86CF-A3BF81F2D2F6}.Debug|Any CPU.ActiveCfg = Debug|Any CPU
		{0ED07204-0799-42EF-86CF-A3BF81F2D2F6}.Debug|Any CPU.Build.0 = Debug|Any CPU
		{0ED07204-0799-42EF-86CF-A3BF81F2D2F6}.Release|Any CPU.ActiveCfg = Release|Any CPU
		{0ED07204-0799-42EF-86CF-A3BF81F2D2F6}.Release|Any CPU.Build.0 = Release|Any CPU
	EndGlobalSection
	GlobalSection(SolutionProperties) = preSolution
		HideSolutionNode = FALSE
	EndGlobalSection
	GlobalSection(ExtensibilityGlobals) = postSolution
		SolutionGuid = {945C6323-7D04-4973-8848-3FF219C0339E}
	EndGlobalSection
EndGlobal
